
Microsoft Visual Studio Solution File, Format Version 12.00
# Visual Studio Version 17
VisualStudioVersion = 17.10.35013.160
MinimumVisualStudioVersion = 10.0.40219.1
Project("{FAE04EC0-301F-11D3-BF4B-00C04F79EFBC}") = "TrackingAPI", "TrackingAPI\TrackingAPI.csproj", "{AA9056E2-D1B3-4366-B453-7F1CB7A33A42}"
EndProject
Global
	GlobalSection(SolutionConfigurationPlatforms) = preSolution
		Debug|Any CPU = Debug|Any CPU
		Release|Any CPU = Release|Any CPU
	EndGlobalSection
	GlobalSection(ProjectConfigurationPlatforms) = postSolution
		{AA9056E2-D1B3-4366-B453-7F1CB7A33A42}.Debug|Any CPU.ActiveCfg = Debug|Any CPU
		{AA9056E2-D1B3-4366-B453-7F1CB7A33A42}.Debug|Any CPU.Build.0 = Debug|Any CPU
		{AA9056E2-D1B3-4366-B453-7F1CB7A33A42}.Release|Any CPU.ActiveCfg = Release|Any CPU
		{AA9056E2-D1B3-4366-B453-7F1CB7A33A42}.Release|Any CPU.Build.0 = Release|Any CPU
	EndGlobalSection
	GlobalSection(SolutionProperties) = preSolution
		HideSolutionNode = FALSE
	EndGlobalSection
	GlobalSection(ExtensibilityGlobals) = postSolution
		SolutionGuid = {AB4FFCEE-7430-4154-AB19-291BC9F52A6C}
	EndGlobalSection
EndGlobal
